{
  "name": "livescore-monorepo",
  "version": "1.0.0",
  "lockfileVersion": 3,
  "requires": true,
  "packages": {
    "": {
      "name": "livescore-monorepo",
      "version": "1.0.0",
      "dependencies": {
        "@emotion/is-prop-valid": "^1.3.1",
        "@shopify/flash-list": "^1.8.0",
        "react-window": "^1.8.11"
      },
      "devDependencies": {
        "@types/react-window": "^1.8.8",
        "turbo": "^1.12.4"
      },
      "engines": {
        "node": ">=16.0.0"
      }
    },
    "node_modules/@babel/runtime": {
      "version": "7.27.1",
      "resolved": "https://registry.npmjs.org/@babel/runtime/-/runtime-7.27.1.tgz",
      "integrity": "sha512-1x3D2xEk2fRo3PAhwQwu5UubzgiVWSXTBfWpVd2Mx2AzRqJuDJCsgaDVZ7HB5iGzDW1Hl1sWN2mFyKjmR9uAog==",
      "license": "MIT",
      "engines": {
        "node": ">=6.9.0"
      }
    },
    "node_modules/@emotion/is-prop-valid": {
      "version": "1.3.1",
      "resolved": "https://registry.npmjs.org/@emotion/is-prop-valid/-/is-prop-valid-1.3.1.tgz",
      "integrity": "sha512-/ACwoqx7XQi9knQs/G0qKvv5teDMhD7bXYns9N/wM8ah8iNb8jZ2uNO0YOgiq2o2poIvVtJS2YALasQuMSQ7Kw==",
      "license": "MIT",
      "dependencies": {
        "@emotion/memoize": "^0.9.0"
      }
    },
    "node_modules/@emotion/memoize": {
      "version": "0.9.0",
      "resolved": "https://registry.npmjs.org/@emotion/memoize/-/memoize-0.9.0.tgz",
      "integrity": "sha512-30FAj7/EoJ5mwVPOWhAyCX+FPfMDrVecJAM+Iw9NRoSl4BBAQeqj4cApHHUXOVvIPgLVDsCFoz/hGD+5QQD1GQ==",
      "license": "MIT"
    },
    "node_modules/@shopify/flash-list": {
      "version": "1.8.0",
      "resolved": "https://registry.npmjs.org/@shopify/flash-list/-/flash-list-1.8.0.tgz",
      "integrity": "sha512-APZ48kceCCJobUimmI2594io+HujELK60HFKgzIyIdHGX5ySR5YfvsPy3PKtPwHHDtIMFNaq3U/BY3qZocOhCA==",
      "license": "MIT",
      "dependencies": {
        "recyclerlistview": "4.2.3",
        "tslib": "2.8.1"
      },
      "peerDependencies": {
        "@babel/runtime": "*",
        "react": "*",
        "react-native": "*"
      }
    },
    "node_modules/@types/react": {
      "version": "19.1.5",
      "resolved": "https://registry.npmjs.org/@types/react/-/react-19.1.5.tgz",
      "integrity": "sha512-piErsCVVbpMMT2r7wbawdZsq4xMvIAhQuac2gedQHysu1TZYEigE6pnFfgZT+/jQnrRuF5r+SHzuehFjfRjr4g==",
      "dev": true,
      "license": "MIT",
      "dependencies": {
        "csstype": "^3.0.2"
      }
    },
    "node_modules/@types/react-window": {
      "version": "1.8.8",
      "resolved": "https://registry.npmjs.org/@types/react-window/-/react-window-1.8.8.tgz",
      "integrity": "sha512-8Ls660bHR1AUA2kuRvVG9D/4XpRC6wjAaPT9dil7Ckc76eP9TKWZwwmgfq8Q1LANX3QNDnoU4Zp48A3w+zK69Q==",
      "dev": true,
      "license": "MIT",
      "dependencies": {
        "@types/react": "*"
      }
    },
    "node_modules/csstype": {
      "version": "3.1.3",
      "resolved": "https://registry.npmjs.org/csstype/-/csstype-3.1.3.tgz",
      "integrity": "sha512-M1uQkMl8rQK/szD0LNhtqxIPLpimGm8sOBwU7lLnCpSbTyY3yeU1Vc7l4KT5zT4s/yOxHH5O7tIuuLOCnLADRw==",
      "dev": true,
      "license": "MIT"
    },
    "node_modules/js-tokens": {
      "version": "4.0.0",
      "resolved": "https://registry.npmjs.org/js-tokens/-/js-tokens-4.0.0.tgz",
      "integrity": "sha512-RdJUflcE3cUzKiMqQgsCu06FPu9UdIJO0beYbPhHN4k6apgJtifcoCtT9bcxOpYBtpD2kCM6Sbzg4CausW/PKQ==",
      "license": "MIT"
    },
    "node_modules/lodash.debounce": {
      "version": "4.0.8",
      "resolved": "https://registry.npmjs.org/lodash.debounce/-/lodash.debounce-4.0.8.tgz",
      "integrity": "sha512-FT1yDzDYEoYWhnSGnpE/4Kj1fLZkDFyqRb7fNt6FdYOSxlUWAtp42Eh6Wb0rGIv/m9Bgo7x4GhQbm5Ys4SG5ow==",
      "license": "MIT"
    },
    "node_modules/loose-envify": {
      "version": "1.4.0",
      "resolved": "https://registry.npmjs.org/loose-envify/-/loose-envify-1.4.0.tgz",
      "integrity": "sha512-lyuxPGr/Wfhrlem2CL/UcnUc1zcqKAImBDzukY7Y5F/yQiNdko6+fRLevlw1HgMySw7f611UIY408EtxRSoK3Q==",
      "license": "MIT",
      "dependencies": {
        "js-tokens": "^3.0.0 || ^4.0.0"
      },
      "bin": {
        "loose-envify": "cli.js"
      }
    },
    "node_modules/memoize-one": {
      "version": "5.2.1",
      "resolved": "https://registry.npmjs.org/memoize-one/-/memoize-one-5.2.1.tgz",
      "integrity": "sha512-zYiwtZUcYyXKo/np96AGZAckk+FWWsUdJ3cHGGmld7+AhvcWmQyGCYUh1hc4Q/pkOhb65dQR/pqCyK0cOaHz4Q==",
      "license": "MIT"
    },
    "node_modules/object-assign": {
      "version": "4.1.1",
      "resolved": "https://registry.npmjs.org/object-assign/-/object-assign-4.1.1.tgz",
      "integrity": "sha512-rJgTQnkUnH1sFw8yT6VSU3zD3sWmu6sZhIseY8VX+GRu3P6F7Fu+JNDoXfklElbLJSnc3FUQHVe4cU5hj+BcUg==",
      "license": "MIT",
      "engines": {
        "node": ">=0.10.0"
      }
    },
    "node_modules/prop-types": {
      "version": "15.8.1",
      "resolved": "https://registry.npmjs.org/prop-types/-/prop-types-15.8.1.tgz",
      "integrity": "sha512-oj87CgZICdulUohogVAR7AjlC0327U4el4L6eAvOqCeudMDVU0NThNaV+b9Df4dXgSP1gXMTnPdhfe/2qDH5cg==",
      "license": "MIT",
      "dependencies": {
        "loose-envify": "^1.4.0",
        "object-assign": "^4.1.1",
        "react-is": "^16.13.1"
      }
    },
    "node_modules/react-is": {
      "version": "16.13.1",
      "resolved": "https://registry.npmjs.org/react-is/-/react-is-16.13.1.tgz",
      "integrity": "sha512-24e6ynE2H+OKt4kqsOvNd8kBpV65zoxbA4BVsEOB3ARVWQki/DHzaUoC5KuON/BiccDaCCTZBuOcfZs70kR8bQ==",
      "license": "MIT"
    },
    "node_modules/react-window": {
      "version": "1.8.11",
      "resolved": "https://registry.npmjs.org/react-window/-/react-window-1.8.11.tgz",
      "integrity": "sha512-+SRbUVT2scadgFSWx+R1P754xHPEqvcfSfVX10QYg6POOz+WNgkN48pS+BtZNIMGiL1HYrSEiCkwsMS15QogEQ==",
      "license": "MIT",
      "dependencies": {
        "@babel/runtime": "^7.0.0",
        "memoize-one": ">=3.1.1 <6"
      },
      "engines": {
        "node": ">8.0.0"
      },
      "peerDependencies": {
        "react": "^15.0.0 || ^16.0.0 || ^17.0.0 || ^18.0.0 || ^19.0.0",
        "react-dom": "^15.0.0 || ^16.0.0 || ^17.0.0 || ^18.0.0 || ^19.0.0"
      }
    },
    "node_modules/recyclerlistview": {
      "version": "4.2.3",
      "resolved": "https://registry.npmjs.org/recyclerlistview/-/recyclerlistview-4.2.3.tgz",
      "integrity": "sha512-STR/wj/FyT8EMsBzzhZ1l2goYirMkIgfV3gYEPxI3Kf3lOnu6f7Dryhyw7/IkQrgX5xtTcDrZMqytvteH9rL3g==",
      "license": "Apache-2.0",
      "dependencies": {
        "lodash.debounce": "4.0.8",
        "prop-types": "15.8.1",
        "ts-object-utils": "0.0.5"
      },
      "peerDependencies": {
        "react": ">= 15.2.1",
        "react-native": ">= 0.30.0"
      }
    },
    "node_modules/ts-object-utils": {
      "version": "0.0.5",
      "resolved": "https://registry.npmjs.org/ts-object-utils/-/ts-object-utils-0.0.5.tgz",
      "integrity": "sha512-iV0GvHqOmilbIKJsfyfJY9/dNHCs969z3so90dQWsO1eMMozvTpnB1MEaUbb3FYtZTGjv5sIy/xmslEz0Rg2TA==",
      "license": "ISC"
    },
    "node_modules/tslib": {
      "version": "2.8.1",
      "resolved": "https://registry.npmjs.org/tslib/-/tslib-2.8.1.tgz",
      "integrity": "sha512-oJFu94HQb+KVduSUQL7wnpmqnfmLsOA/nAh6b6EH0wCEoK0/mPeXU6c3wKDV83MkOuHPRHtSXKKU99IBazS/2w==",
      "license": "0BSD"
    },
    "node_modules/turbo": {
      "version": "1.13.4",
      "resolved": "https://registry.npmjs.org/turbo/-/turbo-1.13.4.tgz",
      "integrity": "sha512-1q7+9UJABuBAHrcC4Sxp5lOqYS5mvxRrwa33wpIyM18hlOCpRD/fTJNxZ0vhbMcJmz15o9kkVm743mPn7p6jpQ==",
      "dev": true,
      "license": "MPL-2.0",
      "bin": {
        "turbo": "bin/turbo"
      },
      "optionalDependencies": {
        "turbo-darwin-64": "1.13.4",
        "turbo-darwin-arm64": "1.13.4",
        "turbo-linux-64": "1.13.4",
        "turbo-linux-arm64": "1.13.4",
        "turbo-windows-64": "1.13.4",
        "turbo-windows-arm64": "1.13.4"
      }
    },
    "node_modules/turbo-darwin-64": {
      "version": "1.13.4",
      "resolved": "https://registry.npmjs.org/turbo-darwin-64/-/turbo-darwin-64-1.13.4.tgz",
      "integrity": "sha512-A0eKd73R7CGnRinTiS7txkMElg+R5rKFp9HV7baDiEL4xTG1FIg/56Vm7A5RVgg8UNgG2qNnrfatJtb+dRmNdw==",
      "cpu": [
        "x64"
      ],
      "dev": true,
      "license": "MPL-2.0",
      "optional": true,
      "os": [
        "darwin"
      ]
    },
    "node_modules/turbo-darwin-arm64": {
      "version": "1.13.4",
      "resolved": "https://registry.npmjs.org/turbo-darwin-arm64/-/turbo-darwin-arm64-1.13.4.tgz",
      "integrity": "sha512-eG769Q0NF6/Vyjsr3mKCnkG/eW6dKMBZk6dxWOdrHfrg6QgfkBUk0WUUujzdtVPiUIvsh4l46vQrNVd9EOtbyA==",
      "cpu": [
        "arm64"
      ],
      "dev": true,
      "license": "MPL-2.0",
      "optional": true,
      "os": [
        "darwin"
      ]
    },
    "node_modules/turbo-linux-64": {
      "version": "1.13.4",
      "resolved": "https://registry.npmjs.org/turbo-linux-64/-/turbo-linux-64-1.13.4.tgz",
      "integrity": "sha512-Bq0JphDeNw3XEi+Xb/e4xoKhs1DHN7OoLVUbTIQz+gazYjigVZvtwCvgrZI7eW9Xo1eOXM2zw2u1DGLLUfmGkQ==",
      "cpu": [
        "x64"
      ],
      "dev": true,
      "license": "MPL-2.0",
      "optional": true,
      "os": [
        "linux"
      ]
    },
    "node_modules/turbo-linux-arm64": {
      "version": "1.13.4",
      "resolved": "https://registry.npmjs.org/turbo-linux-arm64/-/turbo-linux-arm64-1.13.4.tgz",
      "integrity": "sha512-BJcXw1DDiHO/okYbaNdcWN6szjXyHWx9d460v6fCHY65G8CyqGU3y2uUTPK89o8lq/b2C8NK0yZD+Vp0f9VoIg==",
      "cpu": [
        "arm64"
      ],
      "dev": true,
      "license": "MPL-2.0",
      "optional": true,
      "os": [
        "linux"
      ]
    },
    "node_modules/turbo-windows-64": {
      "version": "1.13.4",
      "resolved": "https://registry.npmjs.org/turbo-windows-64/-/turbo-windows-64-1.13.4.tgz",
      "integrity": "sha512-OFFhXHOFLN7A78vD/dlVuuSSVEB3s9ZBj18Tm1hk3aW1HTWTuAw0ReN6ZNlVObZUHvGy8d57OAGGxf2bT3etQw==",
      "cpu": [
        "x64"
      ],
      "dev": true,
      "license": "MPL-2.0",
      "optional": true,
      "os": [
        "win32"
      ]
    },
    "node_modules/turbo-windows-arm64": {
      "version": "1.13.4",
      "resolved": "https://registry.npmjs.org/turbo-windows-arm64/-/turbo-windows-arm64-1.13.4.tgz",
      "integrity": "sha512-u5A+VOKHswJJmJ8o8rcilBfU5U3Y1TTAfP9wX8bFh8teYF1ghP0EhtMRLjhtp6RPa+XCxHHVA2CiC3gbh5eg5g==",
      "cpu": [
        "arm64"
      ],
      "dev": true,
      "license": "MPL-2.0",
      "optional": true,
      "os": [
        "win32"
      ]
    }
  }
}
